
Microsoft Visual Studio Solution File, Format Version 12.00
# Visual Studio Version 16
VisualStudioVersion = 16.0.30330.147
MinimumVisualStudioVersion = 10.0.40219.1
Project("{FAE04EC0-301F-11D3-BF4B-00C04F79EFBC}") = "Sumar", "Sumar\Sumar.csproj", "{FDDF2B22-21C5-417E-BE6F-6A98A46007AD}"
EndProject
Global
	GlobalSection(SolutionConfigurationPlatforms) = preSolution
		Debug|Any CPU = Debug|Any CPU
		Release|Any CPU = Release|Any CPU
	EndGlobalSection
	GlobalSection(ProjectConfigurationPlatforms) = postSolution
		{FDDF2B22-21C5-417E-BE6F-6A98A46007AD}.Debug|Any CPU.ActiveCfg = Debug|Any CPU
		{FDDF2B22-21C5-417E-BE6F-6A98A46007AD}.Debug|Any CPU.Build.0 = Debug|Any CPU
		{FDDF2B22-21C5-417E-BE6F-6A98A46007AD}.Release|Any CPU.ActiveCfg = Release|Any CPU
		{FDDF2B22-21C5-417E-BE6F-6A98A46007AD}.Release|Any CPU.Build.0 = Release|Any CPU
	EndGlobalSection
	GlobalSection(SolutionProperties) = preSolution
		HideSolutionNode = FALSE
	EndGlobalSection
	GlobalSection(ExtensibilityGlobals) = postSolution
		SolutionGuid = {DF58E993-5C0E-48BA-B9AF-C078A73B9BBB}
	EndGlobalSection
EndGlobal
